<?xml version="1.0" encoding="UTF-8" standalone="yes" ?>
<CodeBlocks_project_file>
	<FileVersion major="1" minor="6" />
	<Project>
		<Option title="Routing" />
		<Option pch_mode="2" />
		<Option compiler="gcc" />
		<Build>
			<Target title="Release">
				<Option output="bin\Release\Routing" prefix_auto="1" extension_auto="1" />
				<Option object_output="obj\Release\" />
				<Option type="1" />
				<Option compiler="gcc" />
				<Compiler>
					<Add option="-O2" />
				</Compiler>
				<Linker>
					<Add option="-s" />
					<Add option="-lws2_32" />
					<Add library="..\lib\libpthreadGCE2.a" />
				</Linker>
			</Target>
		</Build>
		<Compiler>
			<Add option="-Wall" />
			<Add option="-fexceptions" />
		</Compiler>
		<Unit filename="..\PManip.cc" />
		<Unit filename="..\PManip.h" />
		<Unit filename="..\RoutingServer.cc" />
		<Unit filename="..\RoutingServer.h" />
		<Unit filename="..\SilError.h" />
		<Unit filename="..\SrvrNtwk.cc" />
		<Unit filename="..\SrvrNtwk.h" />
		<Unit filename="..\connectedclientclass.cc" />
		<Unit filename="..\connectedclientclass.h" />
		<Unit filename="..\endianin.h" />
		<Unit filename="..\options\options.cpp" />
		<Unit filename="..\options\options.h" />
		<Unit filename="..\silencerversion.cc" />
		<Unit filename="..\silencerversion.h" />
		<Extensions>
			<code_completion>
				<search_path add="..\include" />
			</code_completion>
			<envvars />
			<debugger />
		</Extensions>
	</Project>
</CodeBlocks_project_file>
