<?xml version="1.0" encoding="utf-8"?>
<Project ToolsVersion="4.0" xmlns="http://schemas.microsoft.com/developer/msbuild/2003">
  <ItemGroup>
    <Filter Include="Quelldateien">
      <UniqueIdentifier>{4FC737F1-C7A5-4376-A066-2A32D752A2FF}</UniqueIdentifier>
      <Extensions>cpp;c;cc;cxx;def;odl;idl;hpj;bat;asm;asmx</Extensions>
    </Filter>
    <Filter Include="Headerdateien">
      <UniqueIdentifier>{93995380-89BD-4b04-88EB-625FBE52EBFB}</UniqueIdentifier>
      <Extensions>h;hpp;hxx;hm;inl;inc;xsd</Extensions>
    </Filter>
    <Filter Include="Ressourcendateien">
      <UniqueIdentifier>{67DA6AB6-F800-4c08-8B7A-83BB121AAD01}</UniqueIdentifier>
      <Extensions>rc;ico;cur;bmp;dlg;rc2;rct;bin;rgs;gif;jpg;jpeg;jpe;resx;tiff;tif;png;wav;mfcribbon-ms</Extensions>
    </Filter>
    <Filter Include="Headerdateien\jodocus">
      <UniqueIdentifier>{4a04a28b-fa0a-449b-899a-7a844784de11}</UniqueIdentifier>
    </Filter>
    <Filter Include="Headerdateien\jodocus\net">
      <UniqueIdentifier>{b7c51b62-0b78-48b5-b1aa-056f604844aa}</UniqueIdentifier>
    </Filter>
    <Filter Include="Headerdateien\jodocus\net\src">
      <UniqueIdentifier>{9a72b592-eee0-40ee-ac20-133689be1a9a}</UniqueIdentifier>
    </Filter>
    <Filter Include="Quelldateien\jodocus">
      <UniqueIdentifier>{71b8754e-01d9-4317-98b5-7b1b56cf123e}</UniqueIdentifier>
    </Filter>
    <Filter Include="Quelldateien\packets">
      <UniqueIdentifier>{d21d4759-7fa0-46af-938a-759ac6a45626}</UniqueIdentifier>
    </Filter>
    <Filter Include="Headerdateien\packets">
      <UniqueIdentifier>{50f66a8c-675a-4375-8efc-ee3f62fdce4b}</UniqueIdentifier>
    </Filter>
  </ItemGroup>
  <ItemGroup>
    <ClInclude Include="buffer.hpp">
      <Filter>Headerdateien\jodocus</Filter>
    </ClInclude>
    <ClInclude Include="event.hpp">
      <Filter>Headerdateien\jodocus</Filter>
    </ClInclude>
    <ClInclude Include="guid.hpp">
      <Filter>Headerdateien\jodocus</Filter>
    </ClInclude>
    <ClInclude Include="jodocus.hpp">
      <Filter>Headerdateien\jodocus</Filter>
    </ClInclude>
    <ClInclude Include="net\src\net_tpl.hpp">
      <Filter>Headerdateien\jodocus\net\src</Filter>
    </ClInclude>
    <ClInclude Include="net\net.hpp">
      <Filter>Headerdateien\jodocus\net</Filter>
    </ClInclude>
    <ClInclude Include="net\netbuf.hpp">
      <Filter>Headerdateien\jodocus\net</Filter>
    </ClInclude>
    <ClInclude Include="src\buffer_tpl.hpp">
      <Filter>Quelldateien\jodocus</Filter>
    </ClInclude>
    <ClInclude Include="common.hpp">
      <Filter>Quelldateien</Filter>
    </ClInclude>
    <ClInclude Include="version.hpp">
      <Filter>Headerdateien\packets</Filter>
    </ClInclude>
    <ClInclude Include="packet_hdr.hpp">
      <Filter>Headerdateien\packets</Filter>
    </ClInclude>
    <ClInclude Include="dir.hpp">
      <Filter>Headerdateien\packets</Filter>
    </ClInclude>
    <ClInclude Include="firewall.hpp">
      <Filter>Headerdateien\packets</Filter>
    </ClInclude>
    <ClInclude Include="server.hpp">
      <Filter>Headerdateien</Filter>
    </ClInclude>
  </ItemGroup>
  <ItemGroup>
    <ClCompile Include="net\src\net.cpp">
      <Filter>Headerdateien\jodocus\net\src</Filter>
    </ClCompile>
    <ClCompile Include="src\buffer.cpp">
      <Filter>Quelldateien\jodocus</Filter>
    </ClCompile>
    <ClCompile Include="src\event.cpp">
      <Filter>Quelldateien\jodocus</Filter>
    </ClCompile>
    <ClCompile Include="src\guid.cpp">
      <Filter>Quelldateien\jodocus</Filter>
    </ClCompile>
    <ClCompile Include="src\jodocus.cpp">
      <Filter>Quelldateien\jodocus</Filter>
    </ClCompile>
    <ClCompile Include="common.cpp">
      <Filter>Quelldateien</Filter>
    </ClCompile>
    <ClCompile Include="testmodule.cpp">
      <Filter>Quelldateien</Filter>
    </ClCompile>
    <ClCompile Include="packet_hdr.cpp">
      <Filter>Quelldateien\packets</Filter>
    </ClCompile>
    <ClCompile Include="version.cpp">
      <Filter>Quelldateien\packets</Filter>
    </ClCompile>
    <ClCompile Include="dir.cpp">
      <Filter>Quelldateien\packets</Filter>
    </ClCompile>
    <ClCompile Include="firewall.cpp">
      <Filter>Quelldateien\packets</Filter>
    </ClCompile>
    <ClCompile Include="old_server.cpp">
      <Filter>Quelldateien</Filter>
    </ClCompile>
    <ClCompile Include="new_server.cpp">
      <Filter>Quelldateien</Filter>
    </ClCompile>
  </ItemGroup>
  <ItemGroup>
    <Text Include="titanservers.dat" />
  </ItemGroup>
</Project>